
Microsoft Visual Studio Solution File, Format Version 12.00
# Visual Studio 15
VisualStudioVersion = 15.0.26124.0
MinimumVisualStudioVersion = 15.0.26124.0
Project("{FAE04EC0-301F-11D3-BF4B-00C04F79EFBC}") = "Domain", "Domain\Domain.csproj", "{8C831706-67CF-4F6A-B9E7-F00F725A7A3B}"
EndProject
Project("{FAE04EC0-301F-11D3-BF4B-00C04F79EFBC}") = "Persistence", "Persistence\Persistence.csproj", "{894D3526-B529-4601-B659-87757F67012F}"
EndProject
Project("{FAE04EC0-301F-11D3-BF4B-00C04F79EFBC}") = "API", "API\API.csproj", "{C79674C1-E8FD-483D-8A41-3E126188135B}"
EndProject
Project("{FAE04EC0-301F-11D3-BF4B-00C04F79EFBC}") = "Application", "Application\Application.csproj", "{58BB798A-FE54-425E-A32A-292A4EF4EC2D}"
EndProject
Global
	GlobalSection(SolutionConfigurationPlatforms) = preSolution
		Debug|Any CPU = Debug|Any CPU
		Debug|x64 = Debug|x64
		Debug|x86 = Debug|x86
		Release|Any CPU = Release|Any CPU
		Release|x64 = Release|x64
		Release|x86 = Release|x86
	EndGlobalSection
	GlobalSection(SolutionProperties) = preSolution
		HideSolutionNode = FALSE
	EndGlobalSection
	GlobalSection(ProjectConfigurationPlatforms) = postSolution
		{8C831706-67CF-4F6A-B9E7-F00F725A7A3B}.Debug|Any CPU.ActiveCfg = Debug|Any CPU
		{8C831706-67CF-4F6A-B9E7-F00F725A7A3B}.Debug|Any CPU.Build.0 = Debug|Any CPU
		{8C831706-67CF-4F6A-B9E7-F00F725A7A3B}.Debug|x64.ActiveCfg = Debug|Any CPU
		{8C831706-67CF-4F6A-B9E7-F00F725A7A3B}.Debug|x64.Build.0 = Debug|Any CPU
		{8C831706-67CF-4F6A-B9E7-F00F725A7A3B}.Debug|x86.ActiveCfg = Debug|Any CPU
		{8C831706-67CF-4F6A-B9E7-F00F725A7A3B}.Debug|x86.Build.0 = Debug|Any CPU
		{8C831706-67CF-4F6A-B9E7-F00F725A7A3B}.Release|Any CPU.ActiveCfg = Release|Any CPU
		{8C831706-67CF-4F6A-B9E7-F00F725A7A3B}.Release|Any CPU.Build.0 = Release|Any CPU
		{8C831706-67CF-4F6A-B9E7-F00F725A7A3B}.Release|x64.ActiveCfg = Release|Any CPU
		{8C831706-67CF-4F6A-B9E7-F00F725A7A3B}.Release|x64.Build.0 = Release|Any CPU
		{8C831706-67CF-4F6A-B9E7-F00F725A7A3B}.Release|x86.ActiveCfg = Release|Any CPU
		{8C831706-67CF-4F6A-B9E7-F00F725A7A3B}.Release|x86.Build.0 = Release|Any CPU
		{894D3526-B529-4601-B659-87757F67012F}.Debug|Any CPU.ActiveCfg = Debug|Any CPU
		{894D3526-B529-4601-B659-87757F67012F}.Debug|Any CPU.Build.0 = Debug|Any CPU
		{894D3526-B529-4601-B659-87757F67012F}.Debug|x64.ActiveCfg = Debug|Any CPU
		{894D3526-B529-4601-B659-87757F67012F}.Debug|x64.Build.0 = Debug|Any CPU
		{894D3526-B529-4601-B659-87757F67012F}.Debug|x86.ActiveCfg = Debug|Any CPU
		{894D3526-B529-4601-B659-87757F67012F}.Debug|x86.Build.0 = Debug|Any CPU
		{894D3526-B529-4601-B659-87757F67012F}.Release|Any CPU.ActiveCfg = Release|Any CPU
		{894D3526-B529-4601-B659-87757F67012F}.Release|Any CPU.Build.0 = Release|Any CPU
		{894D3526-B529-4601-B659-87757F67012F}.Release|x64.ActiveCfg = Release|Any CPU
		{894D3526-B529-4601-B659-87757F67012F}.Release|x64.Build.0 = Release|Any CPU
		{894D3526-B529-4601-B659-87757F67012F}.Release|x86.ActiveCfg = Release|Any CPU
		{894D3526-B529-4601-B659-87757F67012F}.Release|x86.Build.0 = Release|Any CPU
		{C79674C1-E8FD-483D-8A41-3E126188135B}.Debug|Any CPU.ActiveCfg = Debug|Any CPU
		{C79674C1-E8FD-483D-8A41-3E126188135B}.Debug|Any CPU.Build.0 = Debug|Any CPU
		{C79674C1-E8FD-483D-8A41-3E126188135B}.Debug|x64.ActiveCfg = Debug|Any CPU
		{C79674C1-E8FD-483D-8A41-3E126188135B}.Debug|x64.Build.0 = Debug|Any CPU
		{C79674C1-E8FD-483D-8A41-3E126188135B}.Debug|x86.ActiveCfg = Debug|Any CPU
		{C79674C1-E8FD-483D-8A41-3E126188135B}.Debug|x86.Build.0 = Debug|Any CPU
		{C79674C1-E8FD-483D-8A41-3E126188135B}.Release|Any CPU.ActiveCfg = Release|Any CPU
		{C79674C1-E8FD-483D-8A41-3E126188135B}.Release|Any CPU.Build.0 = Release|Any CPU
		{C79674C1-E8FD-483D-8A41-3E126188135B}.Release|x64.ActiveCfg = Release|Any CPU
		{C79674C1-E8FD-483D-8A41-3E126188135B}.Release|x64.Build.0 = Release|Any CPU
		{C79674C1-E8FD-483D-8A41-3E126188135B}.Release|x86.ActiveCfg = Release|Any CPU
		{C79674C1-E8FD-483D-8A41-3E126188135B}.Release|x86.Build.0 = Release|Any CPU
		{58BB798A-FE54-425E-A32A-292A4EF4EC2D}.Debug|Any CPU.ActiveCfg = Debug|Any CPU
		{58BB798A-FE54-425E-A32A-292A4EF4EC2D}.Debug|Any CPU.Build.0 = Debug|Any CPU
		{58BB798A-FE54-425E-A32A-292A4EF4EC2D}.Debug|x64.ActiveCfg = Debug|Any CPU
		{58BB798A-FE54-425E-A32A-292A4EF4EC2D}.Debug|x64.Build.0 = Debug|Any CPU
		{58BB798A-FE54-425E-A32A-292A4EF4EC2D}.Debug|x86.ActiveCfg = Debug|Any CPU
		{58BB798A-FE54-425E-A32A-292A4EF4EC2D}.Debug|x86.Build.0 = Debug|Any CPU
		{58BB798A-FE54-425E-A32A-292A4EF4EC2D}.Release|Any CPU.ActiveCfg = Release|Any CPU
		{58BB798A-FE54-425E-A32A-292A4EF4EC2D}.Release|Any CPU.Build.0 = Release|Any CPU
		{58BB798A-FE54-425E-A32A-292A4EF4EC2D}.Release|x64.ActiveCfg = Release|Any CPU
		{58BB798A-FE54-425E-A32A-292A4EF4EC2D}.Release|x64.Build.0 = Release|Any CPU
		{58BB798A-FE54-425E-A32A-292A4EF4EC2D}.Release|x86.ActiveCfg = Release|Any CPU
		{58BB798A-FE54-425E-A32A-292A4EF4EC2D}.Release|x86.Build.0 = Release|Any CPU
	EndGlobalSection
EndGlobal
